
Microsoft Visual Studio Solution File, Format Version 12.00
# Visual Studio 2012
VisualStudioVersion = 12.0.31101.0
MinimumVisualStudioVersion = 10.0.40219.1
Project("{FAE04EC0-301F-11D3-BF4B-00C04F79EFBC}") = "Phoneword.Forms", "Phoneword.Forms\Phoneword.Forms\Phoneword.Forms.csproj", "{5616A59E-2EF0-4077-8E56-1FA13B4039B3}"
EndProject
Project("{FAE04EC0-301F-11D3-BF4B-00C04F79EFBC}") = "Phoneword.Forms.iOS", "Phoneword.Forms\Phoneword.Forms.iOS\Phoneword.Forms.iOS.csproj", "{07E7DB72-E482-4197-BE3D-EE20842F2012}"
EndProject
Project("{FAE04EC0-301F-11D3-BF4B-00C04F79EFBC}") = "Phoneword.Forms.Droid", "Phoneword.Forms\Phoneword.Forms.Droid\Phoneword.Forms.Droid.csproj", "{43B1575F-B329-4B34-8A1B-663B181185AE}"
EndProject
Project("{FAE04EC0-301F-11D3-BF4B-00C04F79EFBC}") = "Phoneword.Forms.WinPhone", "Phoneword.Forms\Phoneword.Forms.WinPhone\Phoneword.Forms.WinPhone.csproj", "{13457433-2CAB-4FED-B14B-7D5A50E79193}"
EndProject
Project("{FAE04EC0-301F-11D3-BF4B-00C04F79EFBC}") = "Phoneword.Forms.Test", "Phoneword.Forms.Test\Phoneword.Forms.Test.csproj", "{82C21CFB-8549-4215-AE6C-325B11A40FB0}"
EndProject
Global
	GlobalSection(SolutionConfigurationPlatforms) = preSolution
		Ad-Hoc|Any CPU = Ad-Hoc|Any CPU
		Ad-Hoc|ARM = Ad-Hoc|ARM
		Ad-Hoc|iPhone = Ad-Hoc|iPhone
		Ad-Hoc|iPhoneSimulator = Ad-Hoc|iPhoneSimulator
		Ad-Hoc|Mixed Platforms = Ad-Hoc|Mixed Platforms
		Ad-Hoc|x86 = Ad-Hoc|x86
		AppStore|Any CPU = AppStore|Any CPU
		AppStore|ARM = AppStore|ARM
		AppStore|iPhone = AppStore|iPhone
		AppStore|iPhoneSimulator = AppStore|iPhoneSimulator
		AppStore|Mixed Platforms = AppStore|Mixed Platforms
		AppStore|x86 = AppStore|x86
		Debug|Any CPU = Debug|Any CPU
		Debug|ARM = Debug|ARM
		Debug|iPhone = Debug|iPhone
		Debug|iPhoneSimulator = Debug|iPhoneSimulator
		Debug|Mixed Platforms = Debug|Mixed Platforms
		Debug|x86 = Debug|x86
		Release|Any CPU = Release|Any CPU
		Release|ARM = Release|ARM
		Release|iPhone = Release|iPhone
		Release|iPhoneSimulator = Release|iPhoneSimulator
		Release|Mixed Platforms = Release|Mixed Platforms
		Release|x86 = Release|x86
	EndGlobalSection
	GlobalSection(ProjectConfigurationPlatforms) = postSolution
		{07E7DB72-E482-4197-BE3D-EE20842F2012}.Ad-Hoc|Any CPU.ActiveCfg = Ad-Hoc|iPhone
		{07E7DB72-E482-4197-BE3D-EE20842F2012}.Ad-Hoc|ARM.ActiveCfg = Ad-Hoc|iPhone
		{07E7DB72-E482-4197-BE3D-EE20842F2012}.Ad-Hoc|iPhone.ActiveCfg = Ad-Hoc|iPhone
		{07E7DB72-E482-4197-BE3D-EE20842F2012}.Ad-Hoc|iPhone.Build.0 = Ad-Hoc|iPhone
		{07E7DB72-E482-4197-BE3D-EE20842F2012}.Ad-Hoc|iPhoneSimulator.ActiveCfg = Ad-Hoc|iPhoneSimulator
		{07E7DB72-E482-4197-BE3D-EE20842F2012}.Ad-Hoc|iPhoneSimulator.Build.0 = Ad-Hoc|iPhoneSimulator
		{07E7DB72-E482-4197-BE3D-EE20842F2012}.Ad-Hoc|Mixed Platforms.ActiveCfg = Ad-Hoc|iPhone
		{07E7DB72-E482-4197-BE3D-EE20842F2012}.Ad-Hoc|Mixed Platforms.Build.0 = Ad-Hoc|iPhone
		{07E7DB72-E482-4197-BE3D-EE20842F2012}.Ad-Hoc|x86.ActiveCfg = Ad-Hoc|iPhone
		{07E7DB72-E482-4197-BE3D-EE20842F2012}.AppStore|Any CPU.ActiveCfg = AppStore|iPhone
		{07E7DB72-E482-4197-BE3D-EE20842F2012}.AppStore|ARM.ActiveCfg = AppStore|iPhone
		{07E7DB72-E482-4197-BE3D-EE20842F2012}.AppStore|iPhone.ActiveCfg = AppStore|iPhone
		{07E7DB72-E482-4197-BE3D-EE20842F2012}.AppStore|iPhone.Build.0 = AppStore|iPhone
		{07E7DB72-E482-4197-BE3D-EE20842F2012}.AppStore|iPhoneSimulator.ActiveCfg = AppStore|iPhoneSimulator
		{07E7DB72-E482-4197-BE3D-EE20842F2012}.AppStore|iPhoneSimulator.Build.0 = AppStore|iPhoneSimulator
		{07E7DB72-E482-4197-BE3D-EE20842F2012}.AppStore|Mixed Platforms.ActiveCfg = AppStore|iPhone
		{07E7DB72-E482-4197-BE3D-EE20842F2012}.AppStore|Mixed Platforms.Build.0 = AppStore|iPhone
		{07E7DB72-E482-4197-BE3D-EE20842F2012}.AppStore|x86.ActiveCfg = AppStore|iPhone
		{07E7DB72-E482-4197-BE3D-EE20842F2012}.Debug|Any CPU.ActiveCfg = Debug|iPhone
		{07E7DB72-E482-4197-BE3D-EE20842F2012}.Debug|ARM.ActiveCfg = Debug|iPhone
		{07E7DB72-E482-4197-BE3D-EE20842F2012}.Debug|iPhone.ActiveCfg = Debug|iPhone
		{07E7DB72-E482-4197-BE3D-EE20842F2012}.Debug|iPhone.Build.0 = Debug|iPhone
		{07E7DB72-E482-4197-BE3D-EE20842F2012}.Debug|iPhoneSimulator.ActiveCfg = Debug|iPhoneSimulator
		{07E7DB72-E482-4197-BE3D-EE20842F2012}.Debug|iPhoneSimulator.Build.0 = Debug|iPhoneSimulator
		{07E7DB72-E482-4197-BE3D-EE20842F2012}.Debug|Mixed Platforms.ActiveCfg = Debug|iPhone
		{07E7DB72-E482-4197-BE3D-EE20842F2012}.Debug|Mixed Platforms.Build.0 = Debug|iPhone
		{07E7DB72-E482-4197-BE3D-EE20842F2012}.Debug|x86.ActiveCfg = Debug|iPhone
		{07E7DB72-E482-4197-BE3D-EE20842F2012}.Release|Any CPU.ActiveCfg = Release|iPhone
		{07E7DB72-E482-4197-BE3D-EE20842F2012}.Release|ARM.ActiveCfg = Release|iPhone
		{07E7DB72-E482-4197-BE3D-EE20842F2012}.Release|iPhone.ActiveCfg = Release|iPhone
		{07E7DB72-E482-4197-BE3D-EE20842F2012}.Release|iPhone.Build.0 = Release|iPhone
		{07E7DB72-E482-4197-BE3D-EE20842F2012}.Release|iPhoneSimulator.ActiveCfg = Release|iPhoneSimulator
		{07E7DB72-E482-4197-BE3D-EE20842F2012}.Release|iPhoneSimulator.Build.0 = Release|iPhoneSimulator
		{07E7DB72-E482-4197-BE3D-EE20842F2012}.Release|Mixed Platforms.ActiveCfg = Release|iPhone
		{07E7DB72-E482-4197-BE3D-EE20842F2012}.Release|Mixed Platforms.Build.0 = Release|iPhone
		{07E7DB72-E482-4197-BE3D-EE20842F2012}.Release|x86.ActiveCfg = Release|iPhone
		{13457433-2CAB-4FED-B14B-7D5A50E79193}.Ad-Hoc|Any CPU.ActiveCfg = Release|Any CPU
		{13457433-2CAB-4FED-B14B-7D5A50E79193}.Ad-Hoc|Any CPU.Build.0 = Release|Any CPU
		{13457433-2CAB-4FED-B14B-7D5A50E79193}.Ad-Hoc|Any CPU.Deploy.0 = Release|Any CPU
		{13457433-2CAB-4FED-B14B-7D5A50E79193}.Ad-Hoc|ARM.ActiveCfg = Release|ARM
		{13457433-2CAB-4FED-B14B-7D5A50E79193}.Ad-Hoc|ARM.Build.0 = Release|ARM
		{13457433-2CAB-4FED-B14B-7D5A50E79193}.Ad-Hoc|ARM.Deploy.0 = Release|ARM
		{13457433-2CAB-4FED-B14B-7D5A50E79193}.Ad-Hoc|iPhone.ActiveCfg = Release|Any CPU
		{13457433-2CAB-4FED-B14B-7D5A50E79193}.Ad-Hoc|iPhoneSimulator.ActiveCfg = Release|Any CPU
		{13457433-2CAB-4FED-B14B-7D5A50E79193}.Ad-Hoc|Mixed Platforms.ActiveCfg = Release|x86
		{13457433-2CAB-4FED-B14B-7D5A50E79193}.Ad-Hoc|Mixed Platforms.Build.0 = Release|x86
		{13457433-2CAB-4FED-B14B-7D5A50E79193}.Ad-Hoc|Mixed Platforms.Deploy.0 = Release|x86
		{13457433-2CAB-4FED-B14B-7D5A50E79193}.Ad-Hoc|x86.ActiveCfg = Release|x86
		{13457433-2CAB-4FED-B14B-7D5A50E79193}.Ad-Hoc|x86.Build.0 = Release|x86
		{13457433-2CAB-4FED-B14B-7D5A50E79193}.Ad-Hoc|x86.Deploy.0 = Release|x86
		{13457433-2CAB-4FED-B14B-7D5A50E79193}.AppStore|Any CPU.ActiveCfg = Release|Any CPU
		{13457433-2CAB-4FED-B14B-7D5A50E79193}.AppStore|Any CPU.Build.0 = Release|Any CPU
		{13457433-2CAB-4FED-B14B-7D5A50E79193}.AppStore|Any CPU.Deploy.0 = Release|Any CPU
		{13457433-2CAB-4FED-B14B-7D5A50E79193}.AppStore|ARM.ActiveCfg = Release|ARM
		{13457433-2CAB-4FED-B14B-7D5A50E79193}.AppStore|ARM.Build.0 = Release|ARM
		{13457433-2CAB-4FED-B14B-7D5A50E79193}.AppStore|ARM.Deploy.0 = Release|ARM
		{13457433-2CAB-4FED-B14B-7D5A50E79193}.AppStore|iPhone.ActiveCfg = Release|Any CPU
		{13457433-2CAB-4FED-B14B-7D5A50E79193}.AppStore|iPhoneSimulator.ActiveCfg = Release|Any CPU
		{13457433-2CAB-4FED-B14B-7D5A50E79193}.AppStore|Mixed Platforms.ActiveCfg = Release|x86
		{13457433-2CAB-4FED-B14B-7D5A50E79193}.AppStore|Mixed Platforms.Build.0 = Release|x86
		{13457433-2CAB-4FED-B14B-7D5A50E79193}.AppStore|Mixed Platforms.Deploy.0 = Release|x86
		{13457433-2CAB-4FED-B14B-7D5A50E79193}.AppStore|x86.ActiveCfg = Release|x86
		{13457433-2CAB-4FED-B14B-7D5A50E79193}.AppStore|x86.Build.0 = Release|x86
		{13457433-2CAB-4FED-B14B-7D5A50E79193}.AppStore|x86.Deploy.0 = Release|x86
		{13457433-2CAB-4FED-B14B-7D5A50E79193}.Debug|Any CPU.ActiveCfg = Debug|Any CPU
		{13457433-2CAB-4FED-B14B-7D5A50E79193}.Debug|Any CPU.Build.0 = Debug|Any CPU
		{13457433-2CAB-4FED-B14B-7D5A50E79193}.Debug|Any CPU.Deploy.0 = Debug|Any CPU
		{13457433-2CAB-4FED-B14B-7D5A50E79193}.Debug|ARM.ActiveCfg = Debug|ARM
		{13457433-2CAB-4FED-B14B-7D5A50E79193}.Debug|ARM.Build.0 = Debug|ARM
		{13457433-2CAB-4FED-B14B-7D5A50E79193}.Debug|ARM.Deploy.0 = Debug|ARM
		{13457433-2CAB-4FED-B14B-7D5A50E79193}.Debug|iPhone.ActiveCfg = Debug|Any CPU
		{13457433-2CAB-4FED-B14B-7D5A50E79193}.Debug|iPhoneSimulator.ActiveCfg = Debug|Any CPU
		{13457433-2CAB-4FED-B14B-7D5A50E79193}.Debug|Mixed Platforms.ActiveCfg = Debug|x86
		{13457433-2CAB-4FED-B14B-7D5A50E79193}.Debug|Mixed Platforms.Build.0 = Debug|x86
		{13457433-2CAB-4FED-B14B-7D5A50E79193}.Debug|Mixed Platforms.Deploy.0 = Debug|x86
		{13457433-2CAB-4FED-B14B-7D5A50E79193}.Debug|x86.ActiveCfg = Debug|x86
		{13457433-2CAB-4FED-B14B-7D5A50E79193}.Debug|x86.Build.0 = Debug|x86
		{13457433-2CAB-4FED-B14B-7D5A50E79193}.Debug|x86.Deploy.0 = Debug|x86
		{13457433-2CAB-4FED-B14B-7D5A50E79193}.Release|Any CPU.ActiveCfg = Release|Any CPU
		{13457433-2CAB-4FED-B14B-7D5A50E79193}.Release|Any CPU.Build.0 = Release|Any CPU
		{13457433-2CAB-4FED-B14B-7D5A50E79193}.Release|Any CPU.Deploy.0 = Release|Any CPU
		{13457433-2CAB-4FED-B14B-7D5A50E79193}.Release|ARM.ActiveCfg = Release|ARM
		{13457433-2CAB-4FED-B14B-7D5A50E79193}.Release|ARM.Build.0 = Release|ARM
		{13457433-2CAB-4FED-B14B-7D5A50E79193}.Release|ARM.Deploy.0 = Release|ARM
		{13457433-2CAB-4FED-B14B-7D5A50E79193}.Release|iPhone.ActiveCfg = Release|Any CPU
		{13457433-2CAB-4FED-B14B-7D5A50E79193}.Release|iPhoneSimulator.ActiveCfg = Release|Any CPU
		{13457433-2CAB-4FED-B14B-7D5A50E79193}.Release|Mixed Platforms.ActiveCfg = Release|x86
		{13457433-2CAB-4FED-B14B-7D5A50E79193}.Release|Mixed Platforms.Build.0 = Release|x86
		{13457433-2CAB-4FED-B14B-7D5A50E79193}.Release|Mixed Platforms.Deploy.0 = Release|x86
		{13457433-2CAB-4FED-B14B-7D5A50E79193}.Release|x86.ActiveCfg = Release|x86
		{13457433-2CAB-4FED-B14B-7D5A50E79193}.Release|x86.Build.0 = Release|x86
		{13457433-2CAB-4FED-B14B-7D5A50E79193}.Release|x86.Deploy.0 = Release|x86
		{43B1575F-B329-4B34-8A1B-663B181185AE}.Ad-Hoc|Any CPU.ActiveCfg = Release|Any CPU
		{43B1575F-B329-4B34-8A1B-663B181185AE}.Ad-Hoc|Any CPU.Build.0 = Release|Any CPU
		{43B1575F-B329-4B34-8A1B-663B181185AE}.Ad-Hoc|Any CPU.Deploy.0 = Release|Any CPU
		{43B1575F-B329-4B34-8A1B-663B181185AE}.Ad-Hoc|ARM.ActiveCfg = Release|Any CPU
		{43B1575F-B329-4B34-8A1B-663B181185AE}.Ad-Hoc|iPhone.ActiveCfg = Release|Any CPU
		{43B1575F-B329-4B34-8A1B-663B181185AE}.Ad-Hoc|iPhoneSimulator.ActiveCfg = Release|Any CPU
		{43B1575F-B329-4B34-8A1B-663B181185AE}.Ad-Hoc|Mixed Platforms.ActiveCfg = Release|Any CPU
		{43B1575F-B329-4B34-8A1B-663B181185AE}.Ad-Hoc|Mixed Platforms.Build.0 = Release|Any CPU
		{43B1575F-B329-4B34-8A1B-663B181185AE}.Ad-Hoc|Mixed Platforms.Deploy.0 = Release|Any CPU
		{43B1575F-B329-4B34-8A1B-663B181185AE}.Ad-Hoc|x86.ActiveCfg = Release|Any CPU
		{43B1575F-B329-4B34-8A1B-663B181185AE}.AppStore|Any CPU.ActiveCfg = Release|Any CPU
		{43B1575F-B329-4B34-8A1B-663B181185AE}.AppStore|Any CPU.Build.0 = Release|Any CPU
		{43B1575F-B329-4B34-8A1B-663B181185AE}.AppStore|Any CPU.Deploy.0 = Release|Any CPU
		{43B1575F-B329-4B34-8A1B-663B181185AE}.AppStore|ARM.ActiveCfg = Release|Any CPU
		{43B1575F-B329-4B34-8A1B-663B181185AE}.AppStore|iPhone.ActiveCfg = Release|Any CPU
		{43B1575F-B329-4B34-8A1B-663B181185AE}.AppStore|iPhoneSimulator.ActiveCfg = Release|Any CPU
		{43B1575F-B329-4B34-8A1B-663B181185AE}.AppStore|Mixed Platforms.ActiveCfg = Release|Any CPU
		{43B1575F-B329-4B34-8A1B-663B181185AE}.AppStore|Mixed Platforms.Build.0 = Release|Any CPU
		{43B1575F-B329-4B34-8A1B-663B181185AE}.AppStore|Mixed Platforms.Deploy.0 = Release|Any CPU
		{43B1575F-B329-4B34-8A1B-663B181185AE}.AppStore|x86.ActiveCfg = Release|Any CPU
		{43B1575F-B329-4B34-8A1B-663B181185AE}.Debug|Any CPU.ActiveCfg = Debug|Any CPU
		{43B1575F-B329-4B34-8A1B-663B181185AE}.Debug|Any CPU.Build.0 = Debug|Any CPU
		{43B1575F-B329-4B34-8A1B-663B181185AE}.Debug|Any CPU.Deploy.0 = Debug|Any CPU
		{43B1575F-B329-4B34-8A1B-663B181185AE}.Debug|ARM.ActiveCfg = Debug|Any CPU
		{43B1575F-B329-4B34-8A1B-663B181185AE}.Debug|iPhone.ActiveCfg = Debug|Any CPU
		{43B1575F-B329-4B34-8A1B-663B181185AE}.Debug|iPhoneSimulator.ActiveCfg = Debug|Any CPU
		{43B1575F-B329-4B34-8A1B-663B181185AE}.Debug|Mixed Platforms.ActiveCfg = Debug|Any CPU
		{43B1575F-B329-4B34-8A1B-663B181185AE}.Debug|Mixed Platforms.Build.0 = Debug|Any CPU
		{43B1575F-B329-4B34-8A1B-663B181185AE}.Debug|Mixed Platforms.Deploy.0 = Debug|Any CPU
		{43B1575F-B329-4B34-8A1B-663B181185AE}.Debug|x86.ActiveCfg = Debug|Any CPU
		{43B1575F-B329-4B34-8A1B-663B181185AE}.Release|Any CPU.ActiveCfg = Release|Any CPU
		{43B1575F-B329-4B34-8A1B-663B181185AE}.Release|Any CPU.Build.0 = Release|Any CPU
		{43B1575F-B329-4B34-8A1B-663B181185AE}.Release|Any CPU.Deploy.0 = Release|Any CPU
		{43B1575F-B329-4B34-8A1B-663B181185AE}.Release|ARM.ActiveCfg = Release|Any CPU
		{43B1575F-B329-4B34-8A1B-663B181185AE}.Release|iPhone.ActiveCfg = Release|Any CPU
		{43B1575F-B329-4B34-8A1B-663B181185AE}.Release|iPhoneSimulator.ActiveCfg = Release|Any CPU
		{43B1575F-B329-4B34-8A1B-663B181185AE}.Release|Mixed Platforms.ActiveCfg = Release|Any CPU
		{43B1575F-B329-4B34-8A1B-663B181185AE}.Release|Mixed Platforms.Build.0 = Release|Any CPU
		{43B1575F-B329-4B34-8A1B-663B181185AE}.Release|Mixed Platforms.Deploy.0 = Release|Any CPU
		{43B1575F-B329-4B34-8A1B-663B181185AE}.Release|x86.ActiveCfg = Release|Any CPU
		{5616A59E-2EF0-4077-8E56-1FA13B4039B3}.Ad-Hoc|Any CPU.ActiveCfg = Release|Any CPU
		{5616A59E-2EF0-4077-8E56-1FA13B4039B3}.Ad-Hoc|Any CPU.Build.0 = Release|Any CPU
		{5616A59E-2EF0-4077-8E56-1FA13B4039B3}.Ad-Hoc|ARM.ActiveCfg = Release|Any CPU
		{5616A59E-2EF0-4077-8E56-1FA13B4039B3}.Ad-Hoc|iPhone.ActiveCfg = Release|Any CPU
		{5616A59E-2EF0-4077-8E56-1FA13B4039B3}.Ad-Hoc|iPhoneSimulator.ActiveCfg = Release|Any CPU
		{5616A59E-2EF0-4077-8E56-1FA13B4039B3}.Ad-Hoc|Mixed Platforms.ActiveCfg = Release|Any CPU
		{5616A59E-2EF0-4077-8E56-1FA13B4039B3}.Ad-Hoc|Mixed Platforms.Build.0 = Release|Any CPU
		{5616A59E-2EF0-4077-8E56-1FA13B4039B3}.Ad-Hoc|x86.ActiveCfg = Release|Any CPU
		{5616A59E-2EF0-4077-8E56-1FA13B4039B3}.AppStore|Any CPU.ActiveCfg = Release|Any CPU
		{5616A59E-2EF0-4077-8E56-1FA13B4039B3}.AppStore|Any CPU.Build.0 = Release|Any CPU
		{5616A59E-2EF0-4077-8E56-1FA13B4039B3}.AppStore|ARM.ActiveCfg = Release|Any CPU
		{5616A59E-2EF0-4077-8E56-1FA13B4039B3}.AppStore|iPhone.ActiveCfg = Release|Any CPU
		{5616A59E-2EF0-4077-8E56-1FA13B4039B3}.AppStore|iPhoneSimulator.ActiveCfg = Release|Any CPU
		{5616A59E-2EF0-4077-8E56-1FA13B4039B3}.AppStore|Mixed Platforms.ActiveCfg = Release|Any CPU
		{5616A59E-2EF0-4077-8E56-1FA13B4039B3}.AppStore|Mixed Platforms.Build.0 = Release|Any CPU
		{5616A59E-2EF0-4077-8E56-1FA13B4039B3}.AppStore|x86.ActiveCfg = Release|Any CPU
		{5616A59E-2EF0-4077-8E56-1FA13B4039B3}.Debug|Any CPU.ActiveCfg = Debug|Any CPU
		{5616A59E-2EF0-4077-8E56-1FA13B4039B3}.Debug|Any CPU.Build.0 = Debug|Any CPU
		{5616A59E-2EF0-4077-8E56-1FA13B4039B3}.Debug|ARM.ActiveCfg = Debug|Any CPU
		{5616A59E-2EF0-4077-8E56-1FA13B4039B3}.Debug|iPhone.ActiveCfg = Debug|Any CPU
		{5616A59E-2EF0-4077-8E56-1FA13B4039B3}.Debug|iPhoneSimulator.ActiveCfg = Debug|Any CPU
		{5616A59E-2EF0-4077-8E56-1FA13B4039B3}.Debug|Mixed Platforms.ActiveCfg = Debug|Any CPU
		{5616A59E-2EF0-4077-8E56-1FA13B4039B3}.Debug|Mixed Platforms.Build.0 = Debug|Any CPU
		{5616A59E-2EF0-4077-8E56-1FA13B4039B3}.Debug|x86.ActiveCfg = Debug|Any CPU
		{5616A59E-2EF0-4077-8E56-1FA13B4039B3}.Release|Any CPU.ActiveCfg = Release|Any CPU
		{5616A59E-2EF0-4077-8E56-1FA13B4039B3}.Release|Any CPU.Build.0 = Release|Any CPU
		{5616A59E-2EF0-4077-8E56-1FA13B4039B3}.Release|ARM.ActiveCfg = Release|Any CPU
		{5616A59E-2EF0-4077-8E56-1FA13B4039B3}.Release|iPhone.ActiveCfg = Release|Any CPU
		{5616A59E-2EF0-4077-8E56-1FA13B4039B3}.Release|iPhoneSimulator.ActiveCfg = Release|Any CPU
		{5616A59E-2EF0-4077-8E56-1FA13B4039B3}.Release|Mixed Platforms.ActiveCfg = Release|Any CPU
		{5616A59E-2EF0-4077-8E56-1FA13B4039B3}.Release|Mixed Platforms.Build.0 = Release|Any CPU
		{5616A59E-2EF0-4077-8E56-1FA13B4039B3}.Release|x86.ActiveCfg = Release|Any CPU
		{82C21CFB-8549-4215-AE6C-325B11A40FB0}.Ad-Hoc|Any CPU.ActiveCfg = Release|Any CPU
		{82C21CFB-8549-4215-AE6C-325B11A40FB0}.Ad-Hoc|Any CPU.Build.0 = Release|Any CPU
		{82C21CFB-8549-4215-AE6C-325B11A40FB0}.Ad-Hoc|ARM.ActiveCfg = Release|Any CPU
		{82C21CFB-8549-4215-AE6C-325B11A40FB0}.Ad-Hoc|ARM.Build.0 = Release|Any CPU
		{82C21CFB-8549-4215-AE6C-325B11A40FB0}.Ad-Hoc|iPhone.ActiveCfg = Release|Any CPU
		{82C21CFB-8549-4215-AE6C-325B11A40FB0}.Ad-Hoc|iPhone.Build.0 = Release|Any CPU
		{82C21CFB-8549-4215-AE6C-325B11A40FB0}.Ad-Hoc|iPhoneSimulator.ActiveCfg = Release|Any CPU
		{82C21CFB-8549-4215-AE6C-325B11A40FB0}.Ad-Hoc|iPhoneSimulator.Build.0 = Release|Any CPU
		{82C21CFB-8549-4215-AE6C-325B11A40FB0}.Ad-Hoc|Mixed Platforms.ActiveCfg = Release|Any CPU
		{82C21CFB-8549-4215-AE6C-325B11A40FB0}.Ad-Hoc|Mixed Platforms.Build.0 = Release|Any CPU
		{82C21CFB-8549-4215-AE6C-325B11A40FB0}.Ad-Hoc|x86.ActiveCfg = Release|Any CPU
		{82C21CFB-8549-4215-AE6C-325B11A40FB0}.Ad-Hoc|x86.Build.0 = Release|Any CPU
		{82C21CFB-8549-4215-AE6C-325B11A40FB0}.AppStore|Any CPU.ActiveCfg = Release|Any CPU
		{82C21CFB-8549-4215-AE6C-325B11A40FB0}.AppStore|Any CPU.Build.0 = Release|Any CPU
		{82C21CFB-8549-4215-AE6C-325B11A40FB0}.AppStore|ARM.ActiveCfg = Release|Any CPU
		{82C21CFB-8549-4215-AE6C-325B11A40FB0}.AppStore|ARM.Build.0 = Release|Any CPU
		{82C21CFB-8549-4215-AE6C-325B11A40FB0}.AppStore|iPhone.ActiveCfg = Release|Any CPU
		{82C21CFB-8549-4215-AE6C-325B11A40FB0}.AppStore|iPhone.Build.0 = Release|Any CPU
		{82C21CFB-8549-4215-AE6C-325B11A40FB0}.AppStore|iPhoneSimulator.ActiveCfg = Release|Any CPU
		{82C21CFB-8549-4215-AE6C-325B11A40FB0}.AppStore|iPhoneSimulator.Build.0 = Release|Any CPU
		{82C21CFB-8549-4215-AE6C-325B11A40FB0}.AppStore|Mixed Platforms.ActiveCfg = Release|Any CPU
		{82C21CFB-8549-4215-AE6C-325B11A40FB0}.AppStore|Mixed Platforms.Build.0 = Release|Any CPU
		{82C21CFB-8549-4215-AE6C-325B11A40FB0}.AppStore|x86.ActiveCfg = Release|Any CPU
		{82C21CFB-8549-4215-AE6C-325B11A40FB0}.AppStore|x86.Build.0 = Release|Any CPU
		{82C21CFB-8549-4215-AE6C-325B11A40FB0}.Debug|Any CPU.ActiveCfg = Debug|Any CPU
		{82C21CFB-8549-4215-AE6C-325B11A40FB0}.Debug|Any CPU.Build.0 = Debug|Any CPU
		{82C21CFB-8549-4215-AE6C-325B11A40FB0}.Debug|ARM.ActiveCfg = Debug|Any CPU
		{82C21CFB-8549-4215-AE6C-325B11A40FB0}.Debug|ARM.Build.0 = Debug|Any CPU
		{82C21CFB-8549-4215-AE6C-325B11A40FB0}.Debug|iPhone.ActiveCfg = Debug|Any CPU
		{82C21CFB-8549-4215-AE6C-325B11A40FB0}.Debug|iPhone.Build.0 = Debug|Any CPU
		{82C21CFB-8549-4215-AE6C-325B11A40FB0}.Debug|iPhoneSimulator.ActiveCfg = Debug|Any CPU
		{82C21CFB-8549-4215-AE6C-325B11A40FB0}.Debug|iPhoneSimulator.Build.0 = Debug|Any CPU
		{82C21CFB-8549-4215-AE6C-325B11A40FB0}.Debug|Mixed Platforms.ActiveCfg = Debug|Any CPU
		{82C21CFB-8549-4215-AE6C-325B11A40FB0}.Debug|Mixed Platforms.Build.0 = Debug|Any CPU
		{82C21CFB-8549-4215-AE6C-325B11A40FB0}.Debug|x86.ActiveCfg = Debug|Any CPU
		{82C21CFB-8549-4215-AE6C-325B11A40FB0}.Debug|x86.Build.0 = Debug|Any CPU
		{82C21CFB-8549-4215-AE6C-325B11A40FB0}.Release|Any CPU.ActiveCfg = Release|Any CPU
		{82C21CFB-8549-4215-AE6C-325B11A40FB0}.Release|Any CPU.Build.0 = Release|Any CPU
		{82C21CFB-8549-4215-AE6C-325B11A40FB0}.Release|ARM.ActiveCfg = Release|Any CPU
		{82C21CFB-8549-4215-AE6C-325B11A40FB0}.Release|ARM.Build.0 = Release|Any CPU
		{82C21CFB-8549-4215-AE6C-325B11A40FB0}.Release|iPhone.ActiveCfg = Release|Any CPU
		{82C21CFB-8549-4215-AE6C-325B11A40FB0}.Release|iPhone.Build.0 = Release|Any CPU
		{82C21CFB-8549-4215-AE6C-325B11A40FB0}.Release|iPhoneSimulator.ActiveCfg = Release|Any CPU
		{82C21CFB-8549-4215-AE6C-325B11A40FB0}.Release|iPhoneSimulator.Build.0 = Release|Any CPU
		{82C21CFB-8549-4215-AE6C-325B11A40FB0}.Release|Mixed Platforms.ActiveCfg = Release|Any CPU
		{82C21CFB-8549-4215-AE6C-325B11A40FB0}.Release|Mixed Platforms.Build.0 = Release|Any CPU
		{82C21CFB-8549-4215-AE6C-325B11A40FB0}.Release|x86.ActiveCfg = Release|Any CPU
		{82C21CFB-8549-4215-AE6C-325B11A40FB0}.Release|x86.Build.0 = Release|Any CPU
	EndGlobalSection
	GlobalSection(SolutionProperties) = preSolution
		HideSolutionNode = FALSE
	EndGlobalSection
EndGlobal
