
Microsoft Visual Studio Solution File, Format Version 12.00
# Visual Studio 2012
Project("{FAE04EC0-301F-11D3-BF4B-00C04F79EFBC}") = "PhoneWord_Android", "PhoneWord_Android\PhoneWord_Android.csproj", "{CB451264-FFA1-4F80-B960-1C59CCD7D366}"
EndProject
Project("{FAE04EC0-301F-11D3-BF4B-00C04F79EFBC}") = "PhoneWord_Android.Test", "PhoneWord_Android.Test\PhoneWord_Android.Test.csproj", "{8FB213D6-99CF-40F1-8187-19AD8D1EEAD0}"
EndProject
Global
	GlobalSection(SolutionConfigurationPlatforms) = preSolution
		Debug|Any CPU = Debug|Any CPU
		Release|Any CPU = Release|Any CPU
	EndGlobalSection
	GlobalSection(ProjectConfigurationPlatforms) = postSolution
		{8FB213D6-99CF-40F1-8187-19AD8D1EEAD0}.Debug|Any CPU.ActiveCfg = Debug|Any CPU
		{8FB213D6-99CF-40F1-8187-19AD8D1EEAD0}.Debug|Any CPU.Build.0 = Debug|Any CPU
		{8FB213D6-99CF-40F1-8187-19AD8D1EEAD0}.Release|Any CPU.ActiveCfg = Release|Any CPU
		{8FB213D6-99CF-40F1-8187-19AD8D1EEAD0}.Release|Any CPU.Build.0 = Release|Any CPU
		{CB451264-FFA1-4F80-B960-1C59CCD7D366}.Debug|Any CPU.ActiveCfg = Debug|Any CPU
		{CB451264-FFA1-4F80-B960-1C59CCD7D366}.Debug|Any CPU.Build.0 = Debug|Any CPU
		{CB451264-FFA1-4F80-B960-1C59CCD7D366}.Release|Any CPU.ActiveCfg = Release|Any CPU
		{CB451264-FFA1-4F80-B960-1C59CCD7D366}.Release|Any CPU.Build.0 = Release|Any CPU
	EndGlobalSection
EndGlobal
