
Microsoft Visual Studio Solution File, Format Version 12.00
# Visual Studio 2012
Project("{FAE04EC0-301F-11D3-BF4B-00C04F79EFBC}") = "PhoneWord_iOS", "PhoneWord_iOS\PhoneWord_iOS.csproj", "{59FA7C03-F777-4155-BDF7-C3FAA70AE7CF}"
EndProject
Global
	GlobalSection(SolutionConfigurationPlatforms) = preSolution
		Debug|iPhoneSimulator = Debug|iPhoneSimulator
		Release|iPhoneSimulator = Release|iPhoneSimulator
		Debug|iPhone = Debug|iPhone
		Release|iPhone = Release|iPhone
		Ad-Hoc|iPhone = Ad-Hoc|iPhone
		AppStore|iPhone = AppStore|iPhone
	EndGlobalSection
	GlobalSection(ProjectConfigurationPlatforms) = postSolution
		{59FA7C03-F777-4155-BDF7-C3FAA70AE7CF}.Ad-Hoc|iPhone.ActiveCfg = Ad-Hoc|iPhone
		{59FA7C03-F777-4155-BDF7-C3FAA70AE7CF}.Ad-Hoc|iPhone.Build.0 = Ad-Hoc|iPhone
		{59FA7C03-F777-4155-BDF7-C3FAA70AE7CF}.AppStore|iPhone.ActiveCfg = AppStore|iPhone
		{59FA7C03-F777-4155-BDF7-C3FAA70AE7CF}.AppStore|iPhone.Build.0 = AppStore|iPhone
		{59FA7C03-F777-4155-BDF7-C3FAA70AE7CF}.Debug|iPhone.ActiveCfg = Debug|iPhone
		{59FA7C03-F777-4155-BDF7-C3FAA70AE7CF}.Debug|iPhone.Build.0 = Debug|iPhone
		{59FA7C03-F777-4155-BDF7-C3FAA70AE7CF}.Debug|iPhoneSimulator.ActiveCfg = Debug|iPhoneSimulator
		{59FA7C03-F777-4155-BDF7-C3FAA70AE7CF}.Debug|iPhoneSimulator.Build.0 = Debug|iPhoneSimulator
		{59FA7C03-F777-4155-BDF7-C3FAA70AE7CF}.Release|iPhone.ActiveCfg = Release|iPhone
		{59FA7C03-F777-4155-BDF7-C3FAA70AE7CF}.Release|iPhone.Build.0 = Release|iPhone
		{59FA7C03-F777-4155-BDF7-C3FAA70AE7CF}.Release|iPhoneSimulator.ActiveCfg = Release|iPhoneSimulator
		{59FA7C03-F777-4155-BDF7-C3FAA70AE7CF}.Release|iPhoneSimulator.Build.0 = Release|iPhoneSimulator
	EndGlobalSection
EndGlobal
